[[package]]
name = "absl-py"
version = "2.1.0"
description = "Abseil Python Common Libraries, see https://github.com/abseil/abseil-py."
category = "main"
optional = false
python-versions = ">=3.7"

[[package]]
name = "appnope"
version = "0.1.4"
description = "Disable App Nap on macOS >= 10.9"
category = "main"
optional = false
python-versions = ">=3.6"

[[package]]
name = "asttokens"
version = "2.4.1"
description = "Annotate AST trees with source code positions"
category = "main"
optional = false
python-versions = "*"

[package.dependencies]
six = ">=1.12.0"

[package.extras]
astroid = ["astroid (>=1,<2)", "astroid (>=2,<4)"]
test = ["pytest", "astroid (>=1,<2)", "astroid (>=2,<4)"]

[[package]]
name = "astunparse"
version = "1.6.3"
description = "An AST unparser for Python"
category = "main"
optional = false
python-versions = "*"

[package.dependencies]
six = ">=1.6.1,<2.0"

[[package]]
name = "atomicwrites"
version = "1.4.1"
description = "Atomic file writes."
category = "dev"
optional = false
python-versions = ">=2.7, !=3.0.*, !=3.1.*, !=3.2.*, !=3.3.*"

[[package]]
name = "attrs"
version = "24.2.0"
description = "Classes Without Boilerplate"
category = "dev"
optional = false
python-versions = ">=3.7"

[package.extras]
benchmark = ["cloudpickle", "hypothesis", "mypy (>=1.11.1)", "pympler", "pytest-codspeed", "pytest-mypy-plugins", "pytest-xdist", "pytest (>=4.3.0)"]
cov = ["cloudpickle", "coverage[toml] (>=5.3)", "hypothesis", "mypy (>=1.11.1)", "pympler", "pytest-mypy-plugins", "pytest-xdist", "pytest (>=4.3.0)"]
dev = ["cloudpickle", "hypothesis", "mypy (>=1.11.1)", "pre-commit", "pympler", "pytest-mypy-plugins", "pytest-xdist", "pytest (>=4.3.0)"]
docs = ["cogapp", "furo", "myst-parser", "sphinx", "sphinx-notfound-page", "sphinxcontrib-towncrier", "towncrier (<24.7)"]
tests = ["cloudpickle", "hypothesis", "mypy (>=1.11.1)", "pympler", "pytest-mypy-plugins", "pytest-xdist", "pytest (>=4.3.0)"]
tests-mypy = ["mypy (>=1.11.1)", "pytest-mypy-plugins"]

[[package]]
name = "certifi"
version = "2024.7.4"
description = "Python package for providing Mozilla's CA Bundle."
category = "main"
optional = false
python-versions = ">=3.6"

[[package]]
name = "cffi"
version = "1.17.0"
description = "Foreign Function Interface for Python calling C code."
category = "main"
optional = false
python-versions = ">=3.8"

[package.dependencies]
pycparser = "*"

[[package]]
name = "charset-normalizer"
version = "3.3.2"
description = "The Real First Universal Charset Detector. Open, modern and actively maintained alternative to Chardet."
category = "main"
optional = false
python-versions = ">=3.7.0"

[[package]]
name = "colorama"
version = "0.4.6"
description = "Cross-platform colored terminal text."
category = "main"
optional = false
python-versions = "!=3.0.*,!=3.1.*,!=3.2.*,!=3.3.*,!=3.4.*,!=3.5.*,!=3.6.*,>=2.7"

[[package]]
name = "comm"
version = "0.2.2"
description = "Jupyter Python Comm implementation, for usage in ipykernel, xeus-python etc."
category = "main"
optional = false
python-versions = ">=3.8"

[package.dependencies]
traitlets = ">=4"

[package.extras]
test = ["pytest"]

[[package]]
name = "contourpy"
version = "1.2.1"
description = "Python library for calculating contours of 2D quadrilateral grids"
category = "main"
optional = false
python-versions = ">=3.9"

[package.dependencies]
numpy = ">=1.20"

[package.extras]
docs = ["furo", "sphinx (>=7.2)", "sphinx-copybutton"]
bokeh = ["bokeh", "selenium"]
mypy = ["contourpy", "docutils-stubs", "mypy (==1.8.0)", "types-pillow"]
test = ["contourpy", "matplotlib", "pillow"]
test-no-images = ["pytest", "pytest-cov", "pytest-xdist", "wurlitzer"]

[[package]]
name = "cycler"
version = "0.12.1"
description = "Composable style cycles"
category = "main"
optional = false
python-versions = ">=3.8"

[package.extras]
docs = ["ipython", "matplotlib", "numpydoc", "sphinx"]
tests = ["pytest", "pytest-cov", "pytest-xdist"]

[[package]]
name = "debugpy"
version = "1.8.5"
description = "An implementation of the Debug Adapter Protocol for Python"
category = "main"
optional = false
python-versions = ">=3.8"

[[package]]
name = "decorator"
version = "5.1.1"
description = "Decorators for Humans"
category = "main"
optional = false
python-versions = ">=3.5"

[[package]]
name = "exceptiongroup"
version = "1.2.2"
description = "Backport of PEP 654 (exception groups)"
category = "main"
optional = false
python-versions = ">=3.7"

[package.extras]
test = ["pytest (>=6)"]

[[package]]
name = "executing"
version = "2.0.1"
description = "Get the currently executing AST node of a frame, and other information"
category = "main"
optional = false
python-versions = ">=3.5"

[package.extras]
tests = ["asttokens (>=2.1.0)", "ipython", "pytest", "coverage", "coverage-enable-subprocess", "littleutils", "rich"]

[[package]]
name = "flatbuffers"
version = "24.3.25"
description = "The FlatBuffers serialization format for Python"
category = "main"
optional = false
python-versions = "*"

[[package]]
name = "fonttools"
version = "4.53.1"
description = "Tools to manipulate font files"
category = "main"
optional = false
python-versions = ">=3.8"

[package.extras]
all = ["fs (>=2.2.0,<3)", "lxml (>=4.0)", "zopfli (>=0.1.4)", "lz4 (>=1.7.4.2)", "pycairo", "matplotlib", "sympy", "skia-pathops (>=0.5.0)", "uharfbuzz (>=0.23.0)", "brotlicffi (>=0.8.0)", "scipy", "brotli (>=1.0.1)", "munkres", "unicodedata2 (>=15.1.0)", "xattr"]
graphite = ["lz4 (>=1.7.4.2)"]
interpolatable = ["pycairo", "scipy", "munkres"]
lxml = ["lxml (>=4.0)"]
pathops = ["skia-pathops (>=0.5.0)"]
plot = ["matplotlib"]
repacker = ["uharfbuzz (>=0.23.0)"]
symfont = ["sympy"]
type1 = ["xattr"]
ufo = ["fs (>=2.2.0,<3)"]
unicode = ["unicodedata2 (>=15.1.0)"]
woff = ["zopfli (>=0.1.4)", "brotlicffi (>=0.8.0)", "brotli (>=1.0.1)"]

[[package]]
name = "gast"
version = "0.6.0"
description = "Python AST that abstracts the underlying Python version"
category = "main"
optional = false
python-versions = "!=3.0.*,!=3.1.*,!=3.2.*,!=3.3.*,>=2.7"

[[package]]
name = "google-pasta"
version = "0.2.0"
description = "pasta is an AST-based Python refactoring library"
category = "main"
optional = false
python-versions = "*"

[package.dependencies]
six = "*"

[[package]]
name = "grpcio"
version = "1.65.5"
description = "HTTP/2-based RPC framework"
category = "main"
optional = false
python-versions = ">=3.8"

[package.extras]
protobuf = ["grpcio-tools (>=1.65.5)"]

[[package]]
name = "h5py"
version = "3.11.0"
description = "Read and write HDF5 files from Python"
category = "main"
optional = false
python-versions = ">=3.8"

[package.dependencies]
numpy = ">=1.17.3"

[[package]]
name = "idna"
version = "3.7"
description = "Internationalized Domain Names in Applications (IDNA)"
category = "main"
optional = false
python-versions = ">=3.5"

[[package]]
name = "ipykernel"
version = "6.29.5"
description = "IPython Kernel for Jupyter"
category = "main"
optional = false
python-versions = ">=3.8"

[package.dependencies]
appnope = {version = "*", markers = "platform_system == \"Darwin\""}
comm = ">=0.1.1"
debugpy = ">=1.6.5"
ipython = ">=7.23.1"
jupyter-client = ">=6.1.12"
jupyter-core = ">=4.12,<5.0.0 || >=5.1.0"
matplotlib-inline = ">=0.1"
nest-asyncio = "*"
packaging = "*"
psutil = "*"
pyzmq = ">=24"
tornado = ">=6.1"
traitlets = ">=5.4.0"

[package.extras]
cov = ["coverage", "curio", "matplotlib", "pytest-cov", "trio"]
docs = ["myst-parser", "pydata-sphinx-theme", "sphinx", "sphinx-autodoc-typehints", "sphinxcontrib-github-alt", "sphinxcontrib-spelling", "trio"]
pyqt5 = ["pyqt5"]
pyside6 = ["pyside6"]
test = ["flaky", "ipyparallel", "pre-commit", "pytest-asyncio (>=0.23.5)", "pytest-cov", "pytest-timeout", "pytest (>=7.0)"]

[[package]]
name = "ipython"
version = "8.26.0"
description = "IPython: Productive Interactive Computing"
category = "main"
optional = false
python-versions = ">=3.10"

[package.dependencies]
colorama = {version = "*", markers = "sys_platform == \"win32\""}
decorator = "*"
exceptiongroup = {version = "*", markers = "python_version < \"3.11\""}
jedi = ">=0.16"
matplotlib-inline = "*"
pexpect = {version = ">4.3", markers = "sys_platform != \"win32\" and sys_platform != \"emscripten\""}
prompt-toolkit = ">=3.0.41,<3.1.0"
pygments = ">=2.4.0"
stack-data = "*"
traitlets = ">=5.13.0"
typing-extensions = {version = ">=4.6", markers = "python_version < \"3.12\""}

[package.extras]
all = ["ipython", "ipython"]
black = ["black"]
doc = ["docrepr", "exceptiongroup", "intersphinx-registry", "ipykernel", "ipython", "matplotlib", "setuptools (>=18.5)", "sphinx-rtd-theme", "sphinx (>=1.3)", "sphinxcontrib-jquery", "typing-extensions", "tomli"]
kernel = ["ipykernel"]
matplotlib = ["matplotlib"]
nbconvert = ["nbconvert"]
nbformat = ["nbformat"]
notebook = ["ipywidgets", "notebook"]
parallel = ["ipyparallel"]
qtconsole = ["qtconsole"]
test = ["pytest", "pytest-asyncio (<0.22)", "testpath", "pickleshare", "packaging"]
test-extra = ["ipython", "curio", "matplotlib (!=3.2.0)", "nbformat", "numpy (>=1.23)", "pandas", "trio"]

[[package]]
name = "jedi"
version = "0.19.1"
description = "An autocompletion tool for Python that can be used for text editors."
category = "main"
optional = false
python-versions = ">=3.6"

[package.dependencies]
parso = ">=0.8.3,<0.9.0"

[package.extras]
docs = ["Jinja2 (==2.11.3)", "MarkupSafe (==1.1.1)", "Pygments (==2.8.1)", "alabaster (==0.7.12)", "babel (==2.9.1)", "chardet (==4.0.0)", "commonmark (==0.8.1)", "docutils (==0.17.1)", "future (==0.18.2)", "idna (==2.10)", "imagesize (==1.2.0)", "mock (==1.0.1)", "packaging (==20.9)", "pyparsing (==2.4.7)", "pytz (==2021.1)", "readthedocs-sphinx-ext (==2.1.4)", "recommonmark (==0.5.0)", "requests (==2.25.1)", "six (==1.15.0)", "snowballstemmer (==2.1.0)", "sphinx-rtd-theme (==0.4.3)", "sphinx (==1.8.5)", "sphinxcontrib-serializinghtml (==1.1.4)", "sphinxcontrib-websupport (==1.2.4)", "urllib3 (==1.26.4)"]
qa = ["flake8 (==5.0.4)", "mypy (==0.971)", "types-setuptools (==67.2.0.1)"]
testing = ["django", "attrs", "colorama", "docopt", "pytest (<7.0.0)"]

[[package]]
name = "joblib"
version = "1.4.2"
description = "Lightweight pipelining with Python functions"
category = "main"
optional = false
python-versions = ">=3.8"

[[package]]
name = "jupyter-client"
version = "8.6.2"
description = "Jupyter protocol implementation and client libraries"
category = "main"
optional = false
python-versions = ">=3.8"

[package.dependencies]
jupyter-core = ">=4.12,<5.0.0 || >=5.1.0"
python-dateutil = ">=2.8.2"
pyzmq = ">=23.0"
tornado = ">=6.2"
traitlets = ">=5.3"

[package.extras]
docs = ["ipykernel", "myst-parser", "pydata-sphinx-theme", "sphinx-autodoc-typehints", "sphinx (>=4)", "sphinxcontrib-github-alt", "sphinxcontrib-spelling"]
test = ["coverage", "ipykernel (>=6.14)", "mypy", "paramiko", "pre-commit", "pytest-cov", "pytest-jupyter[client] (>=0.4.1)", "pytest-timeout", "pytest (<8.2.0)"]

[[package]]
name = "jupyter-core"
version = "5.7.2"
description = "Jupyter core package. A base package on which Jupyter projects rely."
category = "main"
optional = false
python-versions = ">=3.8"

[package.dependencies]
platformdirs = ">=2.5"
pywin32 = {version = ">=300", markers = "sys_platform == \"win32\" and platform_python_implementation != \"PyPy\""}
traitlets = ">=5.3"

[package.extras]
docs = ["myst-parser", "pydata-sphinx-theme", "sphinx-autodoc-typehints", "sphinxcontrib-github-alt", "sphinxcontrib-spelling", "traitlets"]
test = ["ipykernel", "pre-commit", "pytest-cov", "pytest-timeout", "pytest (<8)"]

[[package]]
name = "keras"
version = "3.5.0"
description = "Multi-backend Keras."
category = "main"
optional = false
python-versions = ">=3.9"

[package.dependencies]
absl-py = "*"
h5py = "*"
ml-dtypes = "*"
namex = "*"
numpy = "*"
optree = "*"
packaging = "*"
rich = "*"

[[package]]
name = "kiwisolver"
version = "1.4.5"
description = "A fast implementation of the Cassowary constraint solver"
category = "main"
optional = false
python-versions = ">=3.7"

[[package]]
name = "libclang"
version = "18.1.1"
description = "Clang Python Bindings, mirrored from the official LLVM repo: https://github.com/llvm/llvm-project/tree/main/clang/bindings/python, to make the installation process easier."
category = "main"
optional = false
python-versions = "*"

[[package]]
name = "markdown"
version = "3.7"
description = "Python implementation of John Gruber's Markdown."
category = "main"
optional = false
python-versions = ">=3.8"

[package.extras]
docs = ["mkdocs (>=1.5)", "mkdocs-nature (>=0.6)", "mdx-gh-links (>=0.2)", "mkdocstrings", "mkdocs-gen-files", "mkdocs-section-index", "mkdocs-literate-nav"]
testing = ["coverage", "pyyaml"]

[[package]]
name = "markdown-it-py"
version = "3.0.0"
description = "Python port of markdown-it. Markdown parsing, done right!"
category = "main"
optional = false
python-versions = ">=3.8"

[package.dependencies]
mdurl = ">=0.1,<1.0"

[package.extras]
benchmarking = ["psutil", "pytest", "pytest-benchmark"]
code_style = ["pre-commit (>=3.0,<4.0)"]
compare = ["commonmark (>=0.9,<1.0)", "markdown (>=3.4,<4.0)", "mistletoe (>=1.0,<2.0)", "mistune (>=2.0,<3.0)", "panflute (>=2.3,<3.0)"]
linkify = ["linkify-it-py (>=1,<3)"]
plugins = ["mdit-py-plugins"]
profiling = ["gprof2dot"]
rtd = ["mdit-py-plugins", "myst-parser", "pyyaml", "sphinx", "sphinx-copybutton", "sphinx-design", "sphinx-book-theme", "jupyter-sphinx"]
testing = ["coverage", "pytest", "pytest-cov", "pytest-regressions"]

[[package]]
name = "markupsafe"
version = "2.1.5"
description = "Safely add untrusted strings to HTML/XML markup."
category = "main"
optional = false
python-versions = ">=3.7"

[[package]]
name = "matplotlib"
version = "3.9.2"
description = "Python plotting package"
category = "main"
optional = false
python-versions = ">=3.9"

[package.dependencies]
contourpy = ">=1.0.1"
cycler = ">=0.10"
fonttools = ">=4.22.0"
kiwisolver = ">=1.3.1"
numpy = ">=1.23"
packaging = ">=20.0"
pillow = ">=8"
pyparsing = ">=2.3.1"
python-dateutil = ">=2.7"

[package.extras]
dev = ["meson-python (>=0.13.1)", "numpy (>=1.25)", "pybind11 (>=2.6)", "setuptools_scm (>=7)", "setuptools (>=64)"]

[[package]]
name = "matplotlib-inline"
version = "0.1.7"
description = "Inline Matplotlib backend for Jupyter"
category = "main"
optional = false
python-versions = ">=3.8"

[package.dependencies]
traitlets = "*"

[[package]]
name = "mdurl"
version = "0.1.2"
description = "Markdown URL utilities"
category = "main"
optional = false
python-versions = ">=3.7"

[[package]]
name = "ml-dtypes"
version = "0.4.0"
description = ""
category = "main"
optional = false
python-versions = ">=3.9"

[package.dependencies]
numpy = [
    {version = ">1.20", markers = "python_version < \"3.10\""},
    {version = ">=1.21.2", markers = "python_version >= \"3.10\""},
    {version = ">=1.23.3", markers = "python_version >= \"3.11\""},
    {version = ">=1.26.0", markers = "python_version >= \"3.12\""},
]

[package.extras]
dev = ["absl-py", "pytest", "pytest-xdist", "pylint (>=2.6.0)", "pyink"]

[[package]]
name = "more-itertools"
version = "10.4.0"
description = "More routines for operating on iterables, beyond itertools"
category = "dev"
optional = false
python-versions = ">=3.8"

[[package]]
name = "namex"
version = "0.0.8"
description = "A simple utility to separate the implementation of your Python package and its public API surface."
category = "main"
optional = false
python-versions = "*"

[[package]]
name = "nest-asyncio"
version = "1.6.0"
description = "Patch asyncio to allow nested event loops"
category = "main"
optional = false
python-versions = ">=3.5"

[[package]]
name = "numpy"
version = "1.26.4"
description = "Fundamental package for array computing in Python"
category = "main"
optional = false
python-versions = ">=3.9"

[[package]]
name = "opencv-contrib-python"
version = "4.10.0.84"
description = "Wrapper package for OpenCV python bindings."
category = "main"
optional = false
python-versions = ">=3.6"

[package.dependencies]
numpy = [
    {version = ">=1.21.2", markers = "python_version >= \"3.10\""},
    {version = ">=1.21.4", markers = "python_version >= \"3.10\" and platform_system == \"Darwin\""},
    {version = ">=1.23.5", markers = "python_version >= \"3.11\""},
    {version = ">=1.26.0", markers = "python_version >= \"3.12\""},
    {version = ">=1.19.3", markers = "python_version >= \"3.6\" and platform_system == \"Linux\" and platform_machine == \"aarch64\" or python_version >= \"3.9\""},
    {version = ">=1.17.0", markers = "python_version >= \"3.7\""},
    {version = ">=1.17.3", markers = "python_version >= \"3.8\""},
]

[[package]]
name = "opt-einsum"
version = "3.3.0"
description = "Optimizing numpys einsum function"
category = "main"
optional = false
python-versions = ">=3.5"

[package.dependencies]
numpy = ">=1.7"

[package.extras]
docs = ["sphinx (==1.2.3)", "sphinxcontrib-napoleon", "sphinx-rtd-theme", "numpydoc"]
tests = ["pytest", "pytest-cov", "pytest-pep8"]

[[package]]
name = "optree"
version = "0.12.1"
description = "Optimized PyTree Utilities."
category = "main"
optional = false
python-versions = ">=3.7"

[package.dependencies]
typing-extensions = ">=4.5.0"

[package.extras]
benchmark = ["jax[cpu] (>=0.4.6,<0.5.0a0)", "torch (>=2.0,<2.4.0a0)", "torchvision", "dm-tree (>=0.1,<0.2.0a0)", "pandas", "tabulate", "termcolor"]
docs = ["sphinx (>=5.2.1)", "sphinx-autoapi", "sphinx-autobuild", "sphinx-copybutton", "sphinx-rtd-theme", "sphinxcontrib-bibtex", "sphinx-autodoc-typehints (>=1.19.2)", "docutils", "jax", "numpy", "torch"]
jax = ["jax"]
lint = ["isort", "black", "pylint", "mypy", "flake8", "flake8-bugbear", "flake8-comprehensions", "flake8-docstrings", "flake8-pyi", "flake8-simplify", "ruff", "doc8", "pydocstyle", "pyenchant", "xdoctest", "cpplint", "pre-commit"]
numpy = ["numpy"]
test = ["pytest", "pytest-cov", "pytest-xdist"]
torch = ["torch"]

[[package]]
name = "packaging"
version = "24.1"
description = "Core utilities for Python packages"
category = "main"
optional = false
python-versions = ">=3.8"

[[package]]
name = "pandas"
version = "2.2.2"
description = "Powerful data structures for data analysis, time series, and statistics"
category = "main"
optional = false
python-versions = ">=3.9"

[package.dependencies]
numpy = [
    {version = ">=1.22.4", markers = "python_version < \"3.11\""},
    {version = ">=1.23.2", markers = "python_version == \"3.11\""},
    {version = ">=1.26.0", markers = "python_version >= \"3.12\""},
]
python-dateutil = ">=2.8.2"
pytz = ">=2020.1"
tzdata = ">=2022.7"

[package.extras]
test = ["hypothesis (>=6.46.1)", "pytest (>=7.3.2)", "pytest-xdist (>=2.2.0)"]
pyarrow = ["pyarrow (>=10.0.1)"]
performance = ["bottleneck (>=1.3.6)", "numba (>=0.56.4)", "numexpr (>=2.8.4)"]
computation = ["scipy (>=1.10.0)", "xarray (>=2022.12.0)"]
fss = ["fsspec (>=2022.11.0)"]
aws = ["s3fs (>=2022.11.0)"]
gcp = ["gcsfs (>=2022.11.0)", "pandas-gbq (>=0.19.0)"]
excel = ["odfpy (>=1.4.1)", "openpyxl (>=3.1.0)", "python-calamine (>=0.1.7)", "pyxlsb (>=1.0.10)", "xlrd (>=2.0.1)", "xlsxwriter (>=3.0.5)"]
parquet = ["pyarrow (>=10.0.1)"]
feather = ["pyarrow (>=10.0.1)"]
hdf5 = ["tables (>=3.8.0)"]
spss = ["pyreadstat (>=1.2.0)"]
postgresql = ["SQLAlchemy (>=2.0.0)", "psycopg2 (>=2.9.6)", "adbc-driver-postgresql (>=0.8.0)"]
mysql = ["SQLAlchemy (>=2.0.0)", "pymysql (>=1.0.2)"]
sql-other = ["SQLAlchemy (>=2.0.0)", "adbc-driver-postgresql (>=0.8.0)", "adbc-driver-sqlite (>=0.8.0)"]
html = ["beautifulsoup4 (>=4.11.2)", "html5lib (>=1.1)", "lxml (>=4.9.2)"]
xml = ["lxml (>=4.9.2)"]
plot = ["matplotlib (>=3.6.3)"]
output-formatting = ["jinja2 (>=3.1.2)", "tabulate (>=0.9.0)"]
clipboard = ["PyQt5 (>=5.15.9)", "qtpy (>=2.3.0)"]
compression = ["zstandard (>=0.19.0)"]
consortium-standard = ["dataframe-api-compat (>=0.1.7)"]
all = ["adbc-driver-postgresql (>=0.8.0)", "adbc-driver-sqlite (>=0.8.0)", "beautifulsoup4 (>=4.11.2)", "bottleneck (>=1.3.6)", "dataframe-api-compat (>=0.1.7)", "fastparquet (>=2022.12.0)", "fsspec (>=2022.11.0)", "gcsfs (>=2022.11.0)", "html5lib (>=1.1)", "hypothesis (>=6.46.1)", "jinja2 (>=3.1.2)", "lxml (>=4.9.2)", "matplotlib (>=3.6.3)", "numba (>=0.56.4)", "numexpr (>=2.8.4)", "odfpy (>=1.4.1)", "openpyxl (>=3.1.0)", "pandas-gbq (>=0.19.0)", "psycopg2 (>=2.9.6)", "pyarrow (>=10.0.1)", "pymysql (>=1.0.2)", "PyQt5 (>=5.15.9)", "pyreadstat (>=1.2.0)", "pytest (>=7.3.2)", "pytest-xdist (>=2.2.0)", "python-calamine (>=0.1.7)", "pyxlsb (>=1.0.10)", "qtpy (>=2.3.0)", "scipy (>=1.10.0)", "s3fs (>=2022.11.0)", "SQLAlchemy (>=2.0.0)", "tables (>=3.8.0)", "tabulate (>=0.9.0)", "xarray (>=2022.12.0)", "xlrd (>=2.0.1)", "xlsxwriter (>=3.0.5)", "zstandard (>=0.19.0)"]

[[package]]
name = "parso"
version = "0.8.4"
description = "A Python Parser"
category = "main"
optional = false
python-versions = ">=3.6"

[package.extras]
qa = ["flake8 (==5.0.4)", "mypy (==0.971)", "types-setuptools (==67.2.0.1)"]
testing = ["docopt", "pytest"]

[[package]]
name = "pexpect"
version = "4.9.0"
description = "Pexpect allows easy control of interactive console applications."
category = "main"
optional = false
python-versions = "*"

[package.dependencies]
ptyprocess = ">=0.5"

[[package]]
name = "pillow"
version = "10.4.0"
description = "Python Imaging Library (Fork)"
category = "main"
optional = false
python-versions = ">=3.8"

[package.extras]
docs = ["furo", "olefile", "sphinx (>=7.3)", "sphinx-copybutton", "sphinx-inline-tabs", "sphinxext-opengraph"]
fpx = ["olefile"]
mic = ["olefile"]
tests = ["check-manifest", "coverage", "defusedxml", "markdown2", "olefile", "packaging", "pyroma", "pytest", "pytest-cov", "pytest-timeout"]
typing = ["typing-extensions"]
xmp = ["defusedxml"]

[[package]]
name = "platformdirs"
version = "4.2.2"
description = "A small Python package for determining appropriate platform-specific dirs, e.g. a `user data dir`."
category = "main"
optional = false
python-versions = ">=3.8"

[package.extras]
docs = ["furo (>=2023.9.10)", "proselint (>=0.13)", "sphinx-autodoc-typehints (>=1.25.2)", "sphinx (>=7.2.6)"]
test = ["appdirs (==1.4.4)", "covdefaults (>=2.3)", "pytest-cov (>=4.1)", "pytest-mock (>=3.12)", "pytest (>=7.4.3)"]
type = ["mypy (>=1.8)"]

[[package]]
name = "pluggy"
version = "0.13.1"
description = "plugin and hook calling mechanisms for python"
category = "dev"
optional = false
python-versions = ">=2.7, !=3.0.*, !=3.1.*, !=3.2.*, !=3.3.*"

[package.extras]
dev = ["pre-commit", "tox"]

[[package]]
name = "prompt-toolkit"
version = "3.0.47"
description = "Library for building powerful interactive command lines in Python"
category = "main"
optional = false
python-versions = ">=3.7.0"

[package.dependencies]
wcwidth = "*"

[[package]]
name = "protobuf"
version = "4.25.4"
description = ""
category = "main"
optional = false
python-versions = ">=3.8"

[[package]]
name = "psutil"
version = "6.0.0"
description = "Cross-platform lib for process and system monitoring in Python."
category = "main"
optional = false
python-versions = "!=3.0.*,!=3.1.*,!=3.2.*,!=3.3.*,!=3.4.*,!=3.5.*,>=2.7"

[package.extras]
test = ["enum34", "ipaddress", "mock", "pywin32", "wmi"]

[[package]]
name = "ptyprocess"
version = "0.7.0"
description = "Run a subprocess in a pseudo terminal"
category = "main"
optional = false
python-versions = "*"

[[package]]
name = "pure-eval"
version = "0.2.3"
description = "Safely evaluate AST nodes without side effects"
category = "main"
optional = false
python-versions = "*"

[package.extras]
tests = ["pytest"]

[[package]]
name = "py"
version = "1.11.0"
description = "library with cross-python path, ini-parsing, io, code, log facilities"
category = "dev"
optional = false
python-versions = ">=2.7, !=3.0.*, !=3.1.*, !=3.2.*, !=3.3.*, !=3.4.*"

[[package]]
name = "pycparser"
version = "2.22"
description = "C parser in Python"
category = "main"
optional = false
python-versions = ">=3.8"

[[package]]
name = "pygments"
version = "2.18.0"
description = "Pygments is a syntax highlighting package written in Python."
category = "main"
optional = false
python-versions = ">=3.8"

[package.extras]
windows-terminal = ["colorama (>=0.4.6)"]

[[package]]
name = "pyparsing"
version = "3.1.2"
description = "pyparsing module - Classes and methods to define and execute parsing grammars"
category = "main"
optional = false
python-versions = ">=3.6.8"

[package.extras]
diagrams = ["railroad-diagrams", "jinja2"]

[[package]]
name = "pytest"
version = "5.4.3"
description = "pytest: simple powerful testing with Python"
category = "dev"
optional = false
python-versions = ">=3.5"

[package.dependencies]
atomicwrites = {version = ">=1.0", markers = "sys_platform == \"win32\""}
attrs = ">=17.4.0"
colorama = {version = "*", markers = "sys_platform == \"win32\""}
more-itertools = ">=4.0.0"
packaging = "*"
pluggy = ">=0.12,<1.0"
py = ">=1.5.0"
wcwidth = "*"

[package.extras]
checkqa-mypy = ["mypy (==v0.761)"]
testing = ["argcomplete", "hypothesis (>=3.56)", "mock", "nose", "requests", "xmlschema"]

[[package]]
name = "python-dateutil"
version = "2.9.0.post0"
description = "Extensions to the standard Python datetime module"
category = "main"
optional = false
python-versions = "!=3.0.*,!=3.1.*,!=3.2.*,>=2.7"

[package.dependencies]
six = ">=1.5"

[[package]]
name = "pytz"
version = "2024.1"
description = "World timezone definitions, modern and historical"
category = "main"
optional = false
python-versions = "*"

[[package]]
name = "pywin32"
version = "306"
description = "Python for Window Extensions"
category = "main"
optional = false
python-versions = "*"

[[package]]
name = "pyzmq"
version = "26.1.1"
description = "Python bindings for 0MQ"
category = "main"
optional = false
python-versions = ">=3.7"

[package.dependencies]
cffi = {version = "*", markers = "implementation_name == \"pypy\""}

[[package]]
name = "requests"
version = "2.32.3"
description = "Python HTTP for Humans."
category = "main"
optional = false
python-versions = ">=3.8"

[package.dependencies]
certifi = ">=2017.4.17"
charset-normalizer = ">=2,<4"
idna = ">=2.5,<4"
urllib3 = ">=1.21.1,<3"

[package.extras]
socks = ["PySocks (>=1.5.6,!=1.5.7)"]
use-chardet-on-py3 = ["chardet (>=3.0.2,<6)"]

[[package]]
name = "rich"
version = "13.7.1"
description = "Render rich text, tables, progress bars, syntax highlighting, markdown and more to the terminal"
category = "main"
optional = false
python-versions = ">=3.7.0"

[package.dependencies]
markdown-it-py = ">=2.2.0"
pygments = ">=2.13.0,<3.0.0"

[package.extras]
jupyter = ["ipywidgets (>=7.5.1,<9)"]

[[package]]
name = "scikit-learn"
version = "1.5.1"
description = "A set of python modules for machine learning and data mining"
category = "main"
optional = false
python-versions = ">=3.9"

[package.dependencies]
joblib = ">=1.2.0"
numpy = ">=1.19.5"
scipy = ">=1.6.0"
threadpoolctl = ">=3.1.0"

[package.extras]
build = ["numpy (>=1.19.5)", "scipy (>=1.6.0)", "cython (>=3.0.10)", "meson-python (>=0.16.0)"]
install = ["numpy (>=1.19.5)", "scipy (>=1.6.0)", "joblib (>=1.2.0)", "threadpoolctl (>=3.1.0)"]
benchmark = ["matplotlib (>=3.3.4)", "pandas (>=1.1.5)", "memory_profiler (>=0.57.0)"]
docs = ["matplotlib (>=3.3.4)", "scikit-image (>=0.17.2)", "pandas (>=1.1.5)", "seaborn (>=0.9.0)", "memory_profiler (>=0.57.0)", "sphinx (>=7.3.7)", "sphinx-copybutton (>=0.5.2)", "sphinx-gallery (>=0.16.0)", "numpydoc (>=1.2.0)", "Pillow (>=7.1.2)", "pooch (>=1.6.0)", "sphinx-prompt (>=1.4.0)", "sphinxext-opengraph (>=0.9.1)", "plotly (>=5.14.0)", "polars (>=0.20.23)", "sphinx-design (>=0.5.0)", "sphinxcontrib-sass (>=0.3.4)", "pydata-sphinx-theme (>=0.15.3)", "sphinx-remove-toctrees (>=1.0.0.post1)"]
examples = ["matplotlib (>=3.3.4)", "scikit-image (>=0.17.2)", "pandas (>=1.1.5)", "seaborn (>=0.9.0)", "pooch (>=1.6.0)", "plotly (>=5.14.0)"]
tests = ["matplotlib (>=3.3.4)", "scikit-image (>=0.17.2)", "pandas (>=1.1.5)", "pytest (>=7.1.2)", "pytest-cov (>=2.9.0)", "ruff (>=0.2.1)", "black (>=24.3.0)", "mypy (>=1.9)", "pyamg (>=4.0.0)", "polars (>=0.20.23)", "pyarrow (>=12.0.0)", "numpydoc (>=1.2.0)", "pooch (>=1.6.0)"]
maintenance = ["conda-lock (==2.5.6)"]

[[package]]
name = "scipy"
version = "1.14.1"
description = "Fundamental algorithms for scientific computing in Python"
category = "main"
optional = false
python-versions = ">=3.10"

[package.dependencies]
numpy = ">=1.23.5,<2.3"

[package.extras]
test = ["pytest", "pytest-cov", "pytest-timeout", "pytest-xdist", "asv", "mpmath", "gmpy2", "threadpoolctl", "scikit-umfpack", "pooch", "hypothesis (>=6.30)", "array-api-strict (>=2.0)", "cython", "meson", "ninja"]
doc = ["sphinx (>=5.0.0,<=7.3.7)", "pydata-sphinx-theme (>=0.15.2)", "sphinx-design (>=0.4.0)", "matplotlib (>=3.5)", "numpydoc", "jupytext", "myst-nb", "pooch", "jupyterlite-sphinx (>=0.13.1)", "jupyterlite-pyodide-kernel"]
dev = ["mypy (==1.10.0)", "typing-extensions", "types-psutil", "pycodestyle", "ruff (>=0.0.292)", "cython-lint (>=0.12.2)", "rich-click", "doit (>=0.36.0)", "pydevtool"]

[[package]]
name = "seaborn"
version = "0.13.2"
description = "Statistical data visualization"
category = "main"
optional = false
python-versions = ">=3.8"

[package.dependencies]
matplotlib = ">=3.4,<3.6.1 || >3.6.1"
numpy = ">=1.20,<1.24.0 || >1.24.0"
pandas = ">=1.2"

[package.extras]
dev = ["pytest", "pytest-cov", "pytest-xdist", "flake8", "mypy", "pandas-stubs", "pre-commit", "flit"]
docs = ["numpydoc", "nbconvert", "ipykernel", "sphinx (<6.0.0)", "sphinx-copybutton", "sphinx-issues", "sphinx-design", "pyyaml", "pydata_sphinx_theme (==0.10.0rc2)"]
stats = ["scipy (>=1.7)", "statsmodels (>=0.12)"]

[[package]]
name = "six"
version = "1.16.0"
description = "Python 2 and 3 compatibility utilities"
category = "main"
optional = false
python-versions = ">=2.7, !=3.0.*, !=3.1.*, !=3.2.*"

[[package]]
name = "stack-data"
version = "0.6.3"
description = "Extract data from python stack frames and tracebacks for informative displays"
category = "main"
optional = false
python-versions = "*"

[package.dependencies]
asttokens = ">=2.1.0"
executing = ">=1.2.0"
pure-eval = "*"

[package.extras]
tests = ["pytest", "typeguard", "pygments", "littleutils", "cython"]

[[package]]
name = "tensorboard"
version = "2.17.1"
description = "TensorBoard lets you watch Tensors Flow"
category = "main"
optional = false
python-versions = ">=3.9"

[package.dependencies]
absl-py = ">=0.4"
grpcio = ">=1.48.2"
markdown = ">=2.6.8"
numpy = ">=1.12.0"
packaging = "*"
protobuf = ">=3.19.6,<4.24.0 || >4.24.0"
six = ">1.9"
tensorboard-data-server = ">=0.7.0,<0.8.0"
werkzeug = ">=1.0.1"

[[package]]
name = "tensorboard-data-server"
version = "0.7.2"
description = "Fast data loading for TensorBoard"
category = "main"
optional = false
python-versions = ">=3.7"

[[package]]
name = "tensorflow"
version = "2.17.0"
description = "TensorFlow is an open source machine learning framework for everyone."
category = "main"
optional = false
python-versions = ">=3.9"

[package.dependencies]
absl-py = ">=1.0.0"
astunparse = ">=1.6.0"
flatbuffers = ">=24.3.25"
gast = ">=0.2.1,<0.5.0 || >0.5.0,<0.5.1 || >0.5.1,<0.5.2 || >0.5.2"
google-pasta = ">=0.1.1"
grpcio = ">=1.24.3,<2.0"
h5py = ">=3.10.0"
keras = ">=3.2.0"
libclang = ">=13.0.0"
ml-dtypes = ">=0.3.1,<0.5.0"
numpy = [
    {version = ">=1.23.5,<2.0.0", markers = "python_version <= \"3.11\""},
    {version = ">=1.26.0,<2.0.0", markers = "python_version >= \"3.12\""},
]
opt-einsum = ">=2.3.2"
packaging = "*"
protobuf = ">=3.20.3,<4.21.0 || >4.21.0,<4.21.1 || >4.21.1,<4.21.2 || >4.21.2,<4.21.3 || >4.21.3,<4.21.4 || >4.21.4,<4.21.5 || >4.21.5,<5.0.0dev"
requests = ">=2.21.0,<3"
six = ">=1.12.0"
tensorboard = ">=2.17,<2.18"
tensorflow-io-gcs-filesystem = {version = ">=0.23.1", markers = "python_version < \"3.12\""}
termcolor = ">=1.1.0"
typing-extensions = ">=3.6.6"
wrapt = ">=1.11.0"

[package.extras]
and-cuda = ["nvidia-cublas-cu12 (==12.3.4.1)", "nvidia-cuda-cupti-cu12 (==12.3.101)", "nvidia-cuda-nvcc-cu12 (==12.3.107)", "nvidia-cuda-nvrtc-cu12 (==12.3.107)", "nvidia-cuda-runtime-cu12 (==12.3.101)", "nvidia-cudnn-cu12 (==8.9.7.29)", "nvidia-cufft-cu12 (==11.0.12.1)", "nvidia-curand-cu12 (==10.3.4.107)", "nvidia-cusolver-cu12 (==11.5.4.101)", "nvidia-cusparse-cu12 (==12.2.0.103)", "nvidia-nccl-cu12 (==2.19.3)", "nvidia-nvjitlink-cu12 (==12.3.101)"]

[[package]]
name = "tensorflow-io-gcs-filesystem"
version = "0.37.1"
description = "TensorFlow IO"
category = "main"
optional = false
python-versions = "<3.13,>=3.7"

[package.extras]
tensorflow = ["tensorflow (>=2.16.0,<2.17.0)"]
tensorflow-aarch64 = ["tensorflow-aarch64 (>=2.16.0,<2.17.0)"]
tensorflow-cpu = ["tensorflow-cpu (>=2.16.0,<2.17.0)"]
tensorflow-gpu = ["tensorflow-gpu (>=2.16.0,<2.17.0)"]
tensorflow-rocm = ["tensorflow-rocm (>=2.16.0,<2.17.0)"]

[[package]]
name = "termcolor"
version = "2.4.0"
description = "ANSI color formatting for output in terminal"
category = "main"
optional = false
python-versions = ">=3.8"

[package.extras]
tests = ["pytest", "pytest-cov"]

[[package]]
name = "threadpoolctl"
version = "3.5.0"
description = "threadpoolctl"
category = "main"
optional = false
python-versions = ">=3.8"

[[package]]
name = "tornado"
version = "6.4.1"
description = "Tornado is a Python web framework and asynchronous networking library, originally developed at FriendFeed."
category = "main"
optional = false
python-versions = ">=3.8"

[[package]]
name = "traitlets"
version = "5.14.3"
description = "Traitlets Python configuration system"
category = "main"
optional = false
python-versions = ">=3.8"

[package.extras]
docs = ["myst-parser", "pydata-sphinx-theme", "sphinx"]
test = ["argcomplete (>=3.0.3)", "mypy (>=1.7.0)", "pre-commit", "pytest-mock", "pytest-mypy-testing", "pytest (>=7.0,<8.2)"]

[[package]]
name = "typing-extensions"
version = "4.12.2"
description = "Backported and Experimental Type Hints for Python 3.8+"
category = "main"
optional = false
python-versions = ">=3.8"

[[package]]
name = "tzdata"
version = "2024.1"
description = "Provider of IANA time zone data"
category = "main"
optional = false
python-versions = ">=2"

[[package]]
name = "urllib3"
version = "2.2.2"
description = "HTTP library with thread-safe connection pooling, file post, and more."
category = "main"
optional = false
python-versions = ">=3.8"

[package.extras]
brotli = ["brotli (>=1.0.9)", "brotlicffi (>=0.8.0)"]
h2 = ["h2 (>=4,<5)"]
socks = ["pysocks (>=1.5.6,!=1.5.7,<2.0)"]
zstd = ["zstandard (>=0.18.0)"]

[[package]]
name = "wcwidth"
version = "0.2.13"
description = "Measures the displayed width of unicode strings in a terminal"
category = "main"
optional = false
python-versions = "*"

[[package]]
name = "werkzeug"
version = "3.0.3"
description = "The comprehensive WSGI web application library."
category = "main"
optional = false
python-versions = ">=3.8"

[package.dependencies]
MarkupSafe = ">=2.1.1"

[package.extras]
watchdog = ["watchdog (>=2.3)"]

[[package]]
name = "wrapt"
version = "1.16.0"
description = "Module for decorators, wrappers and monkey patching."
category = "main"
optional = false
python-versions = ">=3.6"

[metadata]
lock-version = "1.1"
python-versions = "^3.10"
content-hash = "ba2ff53d63b89abe583830a73cf2f5a2af2e50c115f3708a5c63b91c534bec59"

[metadata.files]
absl-py = []
appnope = []
asttokens = []
astunparse = []
atomicwrites = []
attrs = []
certifi = []
cffi = []
charset-normalizer = []
colorama = []
comm = []
contourpy = []
cycler = []
debugpy = []
decorator = []
exceptiongroup = []
executing = []
flatbuffers = []
fonttools = []
gast = []
google-pasta = []
grpcio = []
h5py = []
idna = []
ipykernel = []
ipython = []
jedi = []
joblib = []
jupyter-client = []
jupyter-core = []
keras = []
kiwisolver = []
libclang = []
markdown = []
markdown-it-py = []
markupsafe = []
matplotlib = []
matplotlib-inline = []
mdurl = []
ml-dtypes = []
more-itertools = []
namex = []
nest-asyncio = []
numpy = []
opencv-contrib-python = []
opt-einsum = []
optree = []
packaging = []
pandas = []
parso = []
pexpect = []
pillow = []
platformdirs = []
pluggy = []
prompt-toolkit = []
protobuf = []
psutil = []
ptyprocess = []
pure-eval = []
py = []
pycparser = []
pygments = []
pyparsing = []
pytest = []
python-dateutil = []
pytz = []
pywin32 = []
pyzmq = []
requests = []
rich = []
scikit-learn = []
scipy = []
seaborn = []
six = []
stack-data = []
tensorboard = []
tensorboard-data-server = []
tensorflow = []
tensorflow-io-gcs-filesystem = []
termcolor = []
threadpoolctl = []
tornado = []
traitlets = []
typing-extensions = []
tzdata = []
urllib3 = []
wcwidth = []
werkzeug = []
wrapt = []
